{
  "name": "article",
  "version": "1.0.0",
  "lockfileVersion": 3,
  "requires": true,
  "packages": {
    "": {
      "name": "article",
      "version": "1.0.0",
      "license": "ISC",
      "dependencies": {
        "summarybot": "^0.0.7"
      }
    },
    "node_modules/summarybot": {
      "version": "0.0.7",
      "resolved": "https://registry.npmjs.org/summarybot/-/summarybot-0.0.7.tgz",
      "integrity": "sha512-WKd8vU4orvz4d/p6rwpgmKgFLPCBPseudGoYFMaL3kkX+cSHdZK+ZA2RV7jAwxxRx7cCDIgb3svV/VWBzX5i9A=="
    }
  }
}
