# THIS IS AN AUTOGENERATED FILE. DO NOT EDIT THIS FILE DIRECTLY.
# yarn lockfile v1


summarybot@^0.0.7:
  version "0.0.7"
  resolved "https://registry.npmjs.org/summarybot/-/summarybot-0.0.7.tgz"
  integrity sha512-WKd8vU4orvz4d/p6rwpgmKgFLPCBPseudGoYFMaL3kkX+cSHdZK+ZA2RV7jAwxxRx7cCDIgb3svV/VWBzX5i9A==
